
Microsoft Visual Studio Solution File, Format Version 12.00
# Visual Studio Version 16
VisualStudioVersion = 16.0.30225.117
MinimumVisualStudioVersion = 10.0.40219.1
Project("{FAE04EC0-301F-11D3-BF4B-00C04F79EFBC}") = "AsimWonjunAssgt", "AsimWonjunAssgt\AsimWonjunAssgt.csproj", "{37579997-6E4D-4FDE-9C4E-C7FB526EF6F4}"
EndProject
Global
	GlobalSection(SolutionConfigurationPlatforms) = preSolution
		Debug|Any CPU = Debug|Any CPU
		Release|Any CPU = Release|Any CPU
	EndGlobalSection
	GlobalSection(ProjectConfigurationPlatforms) = postSolution
		{37579997-6E4D-4FDE-9C4E-C7FB526EF6F4}.Debug|Any CPU.ActiveCfg = Debug|Any CPU
		{37579997-6E4D-4FDE-9C4E-C7FB526EF6F4}.Debug|Any CPU.Build.0 = Debug|Any CPU
		{37579997-6E4D-4FDE-9C4E-C7FB526EF6F4}.Release|Any CPU.ActiveCfg = Release|Any CPU
		{37579997-6E4D-4FDE-9C4E-C7FB526EF6F4}.Release|Any CPU.Build.0 = Release|Any CPU
	EndGlobalSection
	GlobalSection(SolutionProperties) = preSolution
		HideSolutionNode = FALSE
	EndGlobalSection
	GlobalSection(ExtensibilityGlobals) = postSolution
		SolutionGuid = {14711DDB-6526-4692-8585-6F279CCBD03E}
	EndGlobalSection
EndGlobal
